// !$*UTF8*$!
{
	archiveVersion = 1;
	classes = {
	};
	objectVersion = 56;
	objects = {

/* Begin PBXBuildFile section */
		E015DF4B2A8F5631002E8B46 /* AppDelegate.swift in Sources */ = {isa = PBXBuildFile; fileRef = E015DF4A2A8F5631002E8B46 /* AppDelegate.swift */; };
		E015DF4D2A8F5631002E8B46 /* SceneDelegate.swift in Sources */ = {isa = PBXBuildFile; fileRef = E015DF4C2A8F5631002E8B46 /* SceneDelegate.swift */; };
		E015DF542A8F5632002E8B46 /* Assets.xcassets in Resources */ = {isa = PBXBuildFile; fileRef = E015DF532A8F5632002E8B46 /* Assets.xcassets */; };
		E015DF572A8F5632002E8B46 /* LaunchScreen.storyboard in Resources */ = {isa = PBXBuildFile; fileRef = E015DF552A8F5632002E8B46 /* LaunchScreen.storyboard */; };
		E015DF602A8F573F002E8B46 /* SnapKit in Frameworks */ = {isa = PBXBuildFile; productRef = E015DF5F2A8F573F002E8B46 /* SnapKit */; };
		E015DF632A8F574A002E8B46 /* Alamofire in Frameworks */ = {isa = PBXBuildFile; productRef = E015DF622A8F574A002E8B46 /* Alamofire */; };
		E015DF6B2A8F57F5002E8B46 /* NetworkingHelper.swift in Sources */ = {isa = PBXBuildFile; fileRef = E015DF6A2A8F57F5002E8B46 /* NetworkingHelper.swift */; };
		E015DF6D2A8F57FB002E8B46 /* KeychainHelper.swift in Sources */ = {isa = PBXBuildFile; fileRef = E015DF6C2A8F57FB002E8B46 /* KeychainHelper.swift */; };
		E015DF6F2A8F5811002E8B46 /* Extensions.swift in Sources */ = {isa = PBXBuildFile; fileRef = E015DF6E2A8F5811002E8B46 /* Extensions.swift */; };
		E015DF712A8F5824002E8B46 /* User.swift in Sources */ = {isa = PBXBuildFile; fileRef = E015DF702A8F5824002E8B46 /* User.swift */; };
		E015DF732A8F5829002E8B46 /* Response.swift in Sources */ = {isa = PBXBuildFile; fileRef = E015DF722A8F5829002E8B46 /* Response.swift */; };
		E015DF752A8F583B002E8B46 /* SignUpViewModel.swift in Sources */ = {isa = PBXBuildFile; fileRef = E015DF742A8F583B002E8B46 /* SignUpViewModel.swift */; };
		E015DF772A8F583F002E8B46 /* LoginViewModel.swift in Sources */ = {isa = PBXBuildFile; fileRef = E015DF762A8F583F002E8B46 /* LoginViewModel.swift */; };
		E015DF792A8F5844002E8B46 /* UserViewModel.swift in Sources */ = {isa = PBXBuildFile; fileRef = E015DF782A8F5844002E8B46 /* UserViewModel.swift */; };
		E015DF7B2A8F5859002E8B46 /* LoginVC.swift in Sources */ = {isa = PBXBuildFile; fileRef = E015DF7A2A8F5859002E8B46 /* LoginVC.swift */; };
		E015DF822A8F5C20002E8B46 /* Enums.swift in Sources */ = {isa = PBXBuildFile; fileRef = E015DF812A8F5C20002E8B46 /* Enums.swift */; };
		E015DF842A8F6AEA002E8B46 /* CustomTextView.swift in Sources */ = {isa = PBXBuildFile; fileRef = E015DF832A8F6AEA002E8B46 /* CustomTextView.swift */; };
		E015DF892A8F9F7F002E8B46 /* Poppins-Bold.ttf in Resources */ = {isa = PBXBuildFile; fileRef = E015DF852A8F9F7F002E8B46 /* Poppins-Bold.ttf */; };
		E015DF8A2A8F9F7F002E8B46 /* Poppins-SemiBold.ttf in Resources */ = {isa = PBXBuildFile; fileRef = E015DF862A8F9F7F002E8B46 /* Poppins-SemiBold.ttf */; };
		E015DF8B2A8F9F7F002E8B46 /* Poppins-Regular.ttf in Resources */ = {isa = PBXBuildFile; fileRef = E015DF872A8F9F7F002E8B46 /* Poppins-Regular.ttf */; };
		E015DF8C2A8F9F7F002E8B46 /* Poppins-Medium.ttf in Resources */ = {isa = PBXBuildFile; fileRef = E015DF882A8F9F7F002E8B46 /* Poppins-Medium.ttf */; };
		E015DF8E2A92BFD0002E8B46 /* MainTabBarController.swift in Sources */ = {isa = PBXBuildFile; fileRef = E015DF8D2A92BFD0002E8B46 /* MainTabBarController.swift */; };
		E015DF902A92BFE8002E8B46 /* SignUpVC.swift in Sources */ = {isa = PBXBuildFile; fileRef = E015DF8F2A92BFE8002E8B46 /* SignUpVC.swift */; };
		E015DF942A930E69002E8B46 /* CustomButton.swift in Sources */ = {isa = PBXBuildFile; fileRef = E015DF932A930E69002E8B46 /* CustomButton.swift */; };
		E015DF962A931E8F002E8B46 /* HomeVC.swift in Sources */ = {isa = PBXBuildFile; fileRef = E015DF952A931E8F002E8B46 /* HomeVC.swift */; };
		E015DF982A931EA2002E8B46 /* VisitsVC.swift in Sources */ = {isa = PBXBuildFile; fileRef = E015DF972A931EA2002E8B46 /* VisitsVC.swift */; };
		E015DF9A2A931EAF002E8B46 /* MapVC.swift in Sources */ = {isa = PBXBuildFile; fileRef = E015DF992A931EAF002E8B46 /* MapVC.swift */; };
		E015DF9C2A931EBF002E8B46 /* MenuVC.swift in Sources */ = {isa = PBXBuildFile; fileRef = E015DF9B2A931EBF002E8B46 /* MenuVC.swift */; };
		E072C2682A948E8100FE1872 /* VisitsViewModel.swift in Sources */ = {isa = PBXBuildFile; fileRef = E072C2672A948E8100FE1872 /* VisitsViewModel.swift */; };
		E072C26A2A94CB0600FE1872 /* VisitsDetailsVC.swift in Sources */ = {isa = PBXBuildFile; fileRef = E072C2692A94CB0600FE1872 /* VisitsDetailsVC.swift */; };
		E072C26E2A94CF0B00FE1872 /* VisitsDetailsCollectionViewCell.swift in Sources */ = {isa = PBXBuildFile; fileRef = E072C26D2A94CF0B00FE1872 /* VisitsDetailsCollectionViewCell.swift */; };
		E072C2712A9644A800FE1872 /* Router.swift in Sources */ = {isa = PBXBuildFile; fileRef = E072C2702A9644A800FE1872 /* Router.swift */; };
		E072C2742A974E7E00FE1872 /* SwiftyJSON in Frameworks */ = {isa = PBXBuildFile; productRef = E072C2732A974E7E00FE1872 /* SwiftyJSON */; };
		E072C2762A976C3000FE1872 /* MapCollectionViewCell.swift in Sources */ = {isa = PBXBuildFile; fileRef = E072C2752A976C3000FE1872 /* MapCollectionViewCell.swift */; };
		E072C2782A97842500FE1872 /* AddNewPlaceVC.swift in Sources */ = {isa = PBXBuildFile; fileRef = E072C2772A97842500FE1872 /* AddNewPlaceVC.swift */; };
		E072C27A2A9895A500FE1872 /* AddNewPlaceCollectionViewCell.swift in Sources */ = {isa = PBXBuildFile; fileRef = E072C2792A9895A500FE1872 /* AddNewPlaceCollectionViewCell.swift */; };
		E07324FA2A9397F900F142CF /* VisitsCollectionViewCell.swift in Sources */ = {isa = PBXBuildFile; fileRef = E07324F92A9397F900F142CF /* VisitsCollectionViewCell.swift */; };
/* End PBXBuildFile section */

/* Begin PBXFileReference section */
		E015DF472A8F5631002E8B46 /* TravelApp.app */ = {isa = PBXFileReference; explicitFileType = wrapper.application; includeInIndex = 0; path = TravelApp.app; sourceTree = BUILT_PRODUCTS_DIR; };
		E015DF4A2A8F5631002E8B46 /* AppDelegate.swift */ = {isa = PBXFileReference; lastKnownFileType = sourcecode.swift; path = AppDelegate.swift; sourceTree = "<group>"; };
		E015DF4C2A8F5631002E8B46 /* SceneDelegate.swift */ = {isa = PBXFileReference; lastKnownFileType = sourcecode.swift; path = SceneDelegate.swift; sourceTree = "<group>"; };
		E015DF532A8F5632002E8B46 /* Assets.xcassets */ = {isa = PBXFileReference; lastKnownFileType = folder.assetcatalog; path = Assets.xcassets; sourceTree = "<group>"; };
		E015DF562A8F5632002E8B46 /* Base */ = {isa = PBXFileReference; lastKnownFileType = file.storyboard; name = Base; path = Base.lproj/LaunchScreen.storyboard; sourceTree = "<group>"; };
		E015DF582A8F5632002E8B46 /* Info.plist */ = {isa = PBXFileReference; lastKnownFileType = text.plist.xml; path = Info.plist; sourceTree = "<group>"; };
		E015DF6A2A8F57F5002E8B46 /* NetworkingHelper.swift */ = {isa = PBXFileReference; fileEncoding = 4; lastKnownFileType = sourcecode.swift; path = NetworkingHelper.swift; sourceTree = "<group>"; };
		E015DF6C2A8F57FB002E8B46 /* KeychainHelper.swift */ = {isa = PBXFileReference; fileEncoding = 4; lastKnownFileType = sourcecode.swift; path = KeychainHelper.swift; sourceTree = "<group>"; };
		E015DF6E2A8F5811002E8B46 /* Extensions.swift */ = {isa = PBXFileReference; fileEncoding = 4; lastKnownFileType = sourcecode.swift; path = Extensions.swift; sourceTree = "<group>"; };
		E015DF702A8F5824002E8B46 /* User.swift */ = {isa = PBXFileReference; fileEncoding = 4; lastKnownFileType = sourcecode.swift; path = User.swift; sourceTree = "<group>"; };
		E015DF722A8F5829002E8B46 /* Response.swift */ = {isa = PBXFileReference; fileEncoding = 4; lastKnownFileType = sourcecode.swift; path = Response.swift; sourceTree = "<group>"; };
		E015DF742A8F583B002E8B46 /* SignUpViewModel.swift */ = {isa = PBXFileReference; fileEncoding = 4; lastKnownFileType = sourcecode.swift; path = SignUpViewModel.swift; sourceTree = "<group>"; };
		E015DF762A8F583F002E8B46 /* LoginViewModel.swift */ = {isa = PBXFileReference; fileEncoding = 4; lastKnownFileType = sourcecode.swift; path = LoginViewModel.swift; sourceTree = "<group>"; };
		E015DF782A8F5844002E8B46 /* UserViewModel.swift */ = {isa = PBXFileReference; fileEncoding = 4; lastKnownFileType = sourcecode.swift; path = UserViewModel.swift; sourceTree = "<group>"; };
		E015DF7A2A8F5859002E8B46 /* LoginVC.swift */ = {isa = PBXFileReference; lastKnownFileType = sourcecode.swift; path = LoginVC.swift; sourceTree = "<group>"; };
		E015DF812A8F5C20002E8B46 /* Enums.swift */ = {isa = PBXFileReference; lastKnownFileType = sourcecode.swift; path = Enums.swift; sourceTree = "<group>"; };
		E015DF832A8F6AEA002E8B46 /* CustomTextView.swift */ = {isa = PBXFileReference; lastKnownFileType = sourcecode.swift; path = CustomTextView.swift; sourceTree = "<group>"; };
		E015DF852A8F9F7F002E8B46 /* Poppins-Bold.ttf */ = {isa = PBXFileReference; lastKnownFileType = file; path = "Poppins-Bold.ttf"; sourceTree = "<group>"; };
		E015DF862A8F9F7F002E8B46 /* Poppins-SemiBold.ttf */ = {isa = PBXFileReference; lastKnownFileType = file; path = "Poppins-SemiBold.ttf"; sourceTree = "<group>"; };
		E015DF872A8F9F7F002E8B46 /* Poppins-Regular.ttf */ = {isa = PBXFileReference; lastKnownFileType = file; path = "Poppins-Regular.ttf"; sourceTree = "<group>"; };
		E015DF882A8F9F7F002E8B46 /* Poppins-Medium.ttf */ = {isa = PBXFileReference; lastKnownFileType = file; path = "Poppins-Medium.ttf"; sourceTree = "<group>"; };
		E015DF8D2A92BFD0002E8B46 /* MainTabBarController.swift */ = {isa = PBXFileReference; lastKnownFileType = sourcecode.swift; path = MainTabBarController.swift; sourceTree = "<group>"; };
		E015DF8F2A92BFE8002E8B46 /* SignUpVC.swift */ = {isa = PBXFileReference; lastKnownFileType = sourcecode.swift; path = SignUpVC.swift; sourceTree = "<group>"; };
		E015DF932A930E69002E8B46 /* CustomButton.swift */ = {isa = PBXFileReference; lastKnownFileType = sourcecode.swift; path = CustomButton.swift; sourceTree = "<group>"; };
		E015DF952A931E8F002E8B46 /* HomeVC.swift */ = {isa = PBXFileReference; lastKnownFileType = sourcecode.swift; path = HomeVC.swift; sourceTree = "<group>"; };
		E015DF972A931EA2002E8B46 /* VisitsVC.swift */ = {isa = PBXFileReference; lastKnownFileType = sourcecode.swift; path = VisitsVC.swift; sourceTree = "<group>"; };
		E015DF992A931EAF002E8B46 /* MapVC.swift */ = {isa = PBXFileReference; lastKnownFileType = sourcecode.swift; path = MapVC.swift; sourceTree = "<group>"; };
		E015DF9B2A931EBF002E8B46 /* MenuVC.swift */ = {isa = PBXFileReference; lastKnownFileType = sourcecode.swift; path = MenuVC.swift; sourceTree = "<group>"; };
		E072C2672A948E8100FE1872 /* VisitsViewModel.swift */ = {isa = PBXFileReference; lastKnownFileType = sourcecode.swift; path = VisitsViewModel.swift; sourceTree = "<group>"; };
		E072C2692A94CB0600FE1872 /* VisitsDetailsVC.swift */ = {isa = PBXFileReference; lastKnownFileType = sourcecode.swift; path = VisitsDetailsVC.swift; sourceTree = "<group>"; };
		E072C26D2A94CF0B00FE1872 /* VisitsDetailsCollectionViewCell.swift */ = {isa = PBXFileReference; lastKnownFileType = sourcecode.swift; path = VisitsDetailsCollectionViewCell.swift; sourceTree = "<group>"; };
		E072C2702A9644A800FE1872 /* Router.swift */ = {isa = PBXFileReference; lastKnownFileType = sourcecode.swift; path = Router.swift; sourceTree = "<group>"; };
		E072C2752A976C3000FE1872 /* MapCollectionViewCell.swift */ = {isa = PBXFileReference; lastKnownFileType = sourcecode.swift; path = MapCollectionViewCell.swift; sourceTree = "<group>"; };
		E072C2772A97842500FE1872 /* AddNewPlaceVC.swift */ = {isa = PBXFileReference; lastKnownFileType = sourcecode.swift; path = AddNewPlaceVC.swift; sourceTree = "<group>"; };
		E072C2792A9895A500FE1872 /* AddNewPlaceCollectionViewCell.swift */ = {isa = PBXFileReference; lastKnownFileType = sourcecode.swift; path = AddNewPlaceCollectionViewCell.swift; sourceTree = "<group>"; };
		E07324F92A9397F900F142CF /* VisitsCollectionViewCell.swift */ = {isa = PBXFileReference; lastKnownFileType = sourcecode.swift; path = VisitsCollectionViewCell.swift; sourceTree = "<group>"; };
/* End PBXFileReference section */

/* Begin PBXFrameworksBuildPhase section */
		E015DF442A8F5631002E8B46 /* Frameworks */ = {
			isa = PBXFrameworksBuildPhase;
			buildActionMask = 2147483647;
			files = (
				E072C2742A974E7E00FE1872 /* SwiftyJSON in Frameworks */,
				E015DF602A8F573F002E8B46 /* SnapKit in Frameworks */,
				E015DF632A8F574A002E8B46 /* Alamofire in Frameworks */,
			);
			runOnlyForDeploymentPostprocessing = 0;
		};
/* End PBXFrameworksBuildPhase section */

/* Begin PBXGroup section */
		E015DF3E2A8F5631002E8B46 = {
			isa = PBXGroup;
			children = (
				E015DF492A8F5631002E8B46 /* TravelApp */,
				E015DF482A8F5631002E8B46 /* Products */,
			);
			sourceTree = "<group>";
		};
		E015DF482A8F5631002E8B46 /* Products */ = {
			isa = PBXGroup;
			children = (
				E015DF472A8F5631002E8B46 /* TravelApp.app */,
			);
			name = Products;
			sourceTree = "<group>";
		};
		E015DF492A8F5631002E8B46 /* TravelApp */ = {
			isa = PBXGroup;
			children = (
				E015DF652A8F578D002E8B46 /* Views */,
				E015DF682A8F57B3002E8B46 /* Models */,
				E015DF672A8F57A4002E8B46 /* ViewModels */,
				E015DF662A8F5793002E8B46 /* CustomComponents */,
				E015DF642A8F5784002E8B46 /* Helpers */,
				E015DF692A8F57CF002E8B46 /* Utils */,
				E015DF7C2A8F59AC002E8B46 /* Resources */,
				E015DF4A2A8F5631002E8B46 /* AppDelegate.swift */,
				E015DF4C2A8F5631002E8B46 /* SceneDelegate.swift */,
				E015DF552A8F5632002E8B46 /* LaunchScreen.storyboard */,
				E015DF582A8F5632002E8B46 /* Info.plist */,
				E015DF532A8F5632002E8B46 /* Assets.xcassets */,
			);
			path = TravelApp;
			sourceTree = "<group>";
		};
		E015DF642A8F5784002E8B46 /* Helpers */ = {
			isa = PBXGroup;
			children = (
				E015DF6A2A8F57F5002E8B46 /* NetworkingHelper.swift */,
				E015DF6C2A8F57FB002E8B46 /* KeychainHelper.swift */,
				E072C2702A9644A800FE1872 /* Router.swift */,
			);
			path = Helpers;
			sourceTree = "<group>";
		};
		E015DF652A8F578D002E8B46 /* Views */ = {
			isa = PBXGroup;
			children = (
				E015DF7A2A8F5859002E8B46 /* LoginVC.swift */,
				E015DF8F2A92BFE8002E8B46 /* SignUpVC.swift */,
				E015DF8D2A92BFD0002E8B46 /* MainTabBarController.swift */,
				E015DF952A931E8F002E8B46 /* HomeVC.swift */,
				E015DF972A931EA2002E8B46 /* VisitsVC.swift */,
				E015DF992A931EAF002E8B46 /* MapVC.swift */,
				E015DF9B2A931EBF002E8B46 /* MenuVC.swift */,
				E072C2752A976C3000FE1872 /* MapCollectionViewCell.swift */,
				E072C2692A94CB0600FE1872 /* VisitsDetailsVC.swift */,
				E07324F92A9397F900F142CF /* VisitsCollectionViewCell.swift */,
				E072C26D2A94CF0B00FE1872 /* VisitsDetailsCollectionViewCell.swift */,
				E072C2772A97842500FE1872 /* AddNewPlaceVC.swift */,
				E072C2792A9895A500FE1872 /* AddNewPlaceCollectionViewCell.swift */,
			);
			path = Views;
			sourceTree = "<group>";
		};
		E015DF662A8F5793002E8B46 /* CustomComponents */ = {
			isa = PBXGroup;
			children = (
				E015DF832A8F6AEA002E8B46 /* CustomTextView.swift */,
				E015DF932A930E69002E8B46 /* CustomButton.swift */,
			);
			path = CustomComponents;
			sourceTree = "<group>";
		};
		E015DF672A8F57A4002E8B46 /* ViewModels */ = {
			isa = PBXGroup;
			children = (
				E015DF762A8F583F002E8B46 /* LoginViewModel.swift */,
				E015DF742A8F583B002E8B46 /* SignUpViewModel.swift */,
				E072C2672A948E8100FE1872 /* VisitsViewModel.swift */,
				E015DF782A8F5844002E8B46 /* UserViewModel.swift */,
			);
			path = ViewModels;
			sourceTree = "<group>";
		};
		E015DF682A8F57B3002E8B46 /* Models */ = {
			isa = PBXGroup;
			children = (
				E015DF702A8F5824002E8B46 /* User.swift */,
				E015DF722A8F5829002E8B46 /* Response.swift */,
			);
			path = Models;
			sourceTree = "<group>";
		};
		E015DF692A8F57CF002E8B46 /* Utils */ = {
			isa = PBXGroup;
			children = (
				E015DF6E2A8F5811002E8B46 /* Extensions.swift */,
				E015DF812A8F5C20002E8B46 /* Enums.swift */,
			);
			path = Utils;
			sourceTree = "<group>";
		};
		E015DF7C2A8F59AC002E8B46 /* Resources */ = {
			isa = PBXGroup;
			children = (
				E072C26F2A94F11300FE1872 /* Fonts */,
			);
			path = Resources;
			sourceTree = "<group>";
		};
		E072C26F2A94F11300FE1872 /* Fonts */ = {
			isa = PBXGroup;
			children = (
				E015DF852A8F9F7F002E8B46 /* Poppins-Bold.ttf */,
				E015DF882A8F9F7F002E8B46 /* Poppins-Medium.ttf */,
				E015DF872A8F9F7F002E8B46 /* Poppins-Regular.ttf */,
				E015DF862A8F9F7F002E8B46 /* Poppins-SemiBold.ttf */,
			);
			path = Fonts;
			sourceTree = "<group>";
		};
/* End PBXGroup section */

/* Begin PBXNativeTarget section */
		E015DF462A8F5631002E8B46 /* TravelApp */ = {
			isa = PBXNativeTarget;
			buildConfigurationList = E015DF5B2A8F5632002E8B46 /* Build configuration list for PBXNativeTarget "TravelApp" */;
			buildPhases = (
				E015DF432A8F5631002E8B46 /* Sources */,
				E015DF442A8F5631002E8B46 /* Frameworks */,
				E015DF452A8F5631002E8B46 /* Resources */,
			);
			buildRules = (
			);
			dependencies = (
			);
			name = TravelApp;
			packageProductDependencies = (
				E015DF5F2A8F573F002E8B46 /* SnapKit */,
				E015DF622A8F574A002E8B46 /* Alamofire */,
				E072C2732A974E7E00FE1872 /* SwiftyJSON */,
			);
			productName = TravelApp;
			productReference = E015DF472A8F5631002E8B46 /* TravelApp.app */;
			productType = "com.apple.product-type.application";
		};
/* End PBXNativeTarget section */

/* Begin PBXProject section */
		E015DF3F2A8F5631002E8B46 /* Project object */ = {
			isa = PBXProject;
			attributes = {
				BuildIndependentTargetsInParallel = 1;
				LastSwiftUpdateCheck = 1430;
				LastUpgradeCheck = 1430;
				TargetAttributes = {
					E015DF462A8F5631002E8B46 = {
						CreatedOnToolsVersion = 14.3.1;
					};
				};
			};
			buildConfigurationList = E015DF422A8F5631002E8B46 /* Build configuration list for PBXProject "TravelApp" */;
			compatibilityVersion = "Xcode 14.0";
			developmentRegion = en;
			hasScannedForEncodings = 0;
			knownRegions = (
				en,
				Base,
			);
			mainGroup = E015DF3E2A8F5631002E8B46;
			packageReferences = (
				E015DF5E2A8F573F002E8B46 /* XCRemoteSwiftPackageReference "SnapKit" */,
				E015DF612A8F574A002E8B46 /* XCRemoteSwiftPackageReference "Alamofire" */,
				E072C2722A974E7E00FE1872 /* XCRemoteSwiftPackageReference "SwiftyJSON" */,
			);
			productRefGroup = E015DF482A8F5631002E8B46 /* Products */;
			projectDirPath = "";
			projectRoot = "";
			targets = (
				E015DF462A8F5631002E8B46 /* TravelApp */,
			);
		};
/* End PBXProject section */

/* Begin PBXResourcesBuildPhase section */
		E015DF452A8F5631002E8B46 /* Resources */ = {
			isa = PBXResourcesBuildPhase;
			buildActionMask = 2147483647;
			files = (
				E015DF572A8F5632002E8B46 /* LaunchScreen.storyboard in Resources */,
				E015DF8A2A8F9F7F002E8B46 /* Poppins-SemiBold.ttf in Resources */,
				E015DF892A8F9F7F002E8B46 /* Poppins-Bold.ttf in Resources */,
				E015DF8C2A8F9F7F002E8B46 /* Poppins-Medium.ttf in Resources */,
				E015DF542A8F5632002E8B46 /* Assets.xcassets in Resources */,
				E015DF8B2A8F9F7F002E8B46 /* Poppins-Regular.ttf in Resources */,
			);
			runOnlyForDeploymentPostprocessing = 0;
		};
/* End PBXResourcesBuildPhase section */

/* Begin PBXSourcesBuildPhase section */
		E015DF432A8F5631002E8B46 /* Sources */ = {
			isa = PBXSourcesBuildPhase;
			buildActionMask = 2147483647;
			files = (
				E015DF842A8F6AEA002E8B46 /* CustomTextView.swift in Sources */,
				E015DF7B2A8F5859002E8B46 /* LoginVC.swift in Sources */,
				E072C2712A9644A800FE1872 /* Router.swift in Sources */,
				E015DF6F2A8F5811002E8B46 /* Extensions.swift in Sources */,
				E015DF6B2A8F57F5002E8B46 /* NetworkingHelper.swift in Sources */,
				E015DF752A8F583B002E8B46 /* SignUpViewModel.swift in Sources */,
				E015DF962A931E8F002E8B46 /* HomeVC.swift in Sources */,
				E072C2762A976C3000FE1872 /* MapCollectionViewCell.swift in Sources */,
				E015DF792A8F5844002E8B46 /* UserViewModel.swift in Sources */,
				E015DF712A8F5824002E8B46 /* User.swift in Sources */,
				E015DF4B2A8F5631002E8B46 /* AppDelegate.swift in Sources */,
				E015DF9C2A931EBF002E8B46 /* MenuVC.swift in Sources */,
				E015DF4D2A8F5631002E8B46 /* SceneDelegate.swift in Sources */,
				E015DF6D2A8F57FB002E8B46 /* KeychainHelper.swift in Sources */,
				E072C2682A948E8100FE1872 /* VisitsViewModel.swift in Sources */,
				E015DF9A2A931EAF002E8B46 /* MapVC.swift in Sources */,
				E015DF8E2A92BFD0002E8B46 /* MainTabBarController.swift in Sources */,
				E072C27A2A9895A500FE1872 /* AddNewPlaceCollectionViewCell.swift in Sources */,
				E07324FA2A9397F900F142CF /* VisitsCollectionViewCell.swift in Sources */,
				E015DF732A8F5829002E8B46 /* Response.swift in Sources */,
				E015DF942A930E69002E8B46 /* CustomButton.swift in Sources */,
				E072C26A2A94CB0600FE1872 /* VisitsDetailsVC.swift in Sources */,
				E015DF822A8F5C20002E8B46 /* Enums.swift in Sources */,
				E015DF902A92BFE8002E8B46 /* SignUpVC.swift in Sources */,
				E015DF982A931EA2002E8B46 /* VisitsVC.swift in Sources */,
				E015DF772A8F583F002E8B46 /* LoginViewModel.swift in Sources */,
				E072C2782A97842500FE1872 /* AddNewPlaceVC.swift in Sources */,
				E072C26E2A94CF0B00FE1872 /* VisitsDetailsCollectionViewCell.swift in Sources */,
			);
			runOnlyForDeploymentPostprocessing = 0;
		};
/* End PBXSourcesBuildPhase section */

/* Begin PBXVariantGroup section */
		E015DF552A8F5632002E8B46 /* LaunchScreen.storyboard */ = {
			isa = PBXVariantGroup;
			children = (
				E015DF562A8F5632002E8B46 /* Base */,
			);
			name = LaunchScreen.storyboard;
			sourceTree = "<group>";
		};
/* End PBXVariantGroup section */

/* Begin XCBuildConfiguration section */
		E015DF592A8F5632002E8B46 /* Debug */ = {
			isa = XCBuildConfiguration;
			buildSettings = {
				ALWAYS_SEARCH_USER_PATHS = NO;
				CLANG_ANALYZER_NONNULL = YES;
				CLANG_ANALYZER_NUMBER_OBJECT_CONVERSION = YES_AGGRESSIVE;
				CLANG_CXX_LANGUAGE_STANDARD = "gnu++20";
				CLANG_ENABLE_MODULES = YES;
				CLANG_ENABLE_OBJC_ARC = YES;
				CLANG_ENABLE_OBJC_WEAK = YES;
				CLANG_WARN_BLOCK_CAPTURE_AUTORELEASING = YES;
				CLANG_WARN_BOOL_CONVERSION = YES;
				CLANG_WARN_COMMA = YES;
				CLANG_WARN_CONSTANT_CONVERSION = YES;
				CLANG_WARN_DEPRECATED_OBJC_IMPLEMENTATIONS = YES;
				CLANG_WARN_DIRECT_OBJC_ISA_USAGE = YES_ERROR;
				CLANG_WARN_DOCUMENTATION_COMMENTS = YES;
				CLANG_WARN_EMPTY_BODY = YES;
				CLANG_WARN_ENUM_CONVERSION = YES;
				CLANG_WARN_INFINITE_RECURSION = YES;
				CLANG_WARN_INT_CONVERSION = YES;
				CLANG_WARN_NON_LITERAL_NULL_CONVERSION = YES;
				CLANG_WARN_OBJC_IMPLICIT_RETAIN_SELF = YES;
				CLANG_WARN_OBJC_LITERAL_CONVERSION = YES;
				CLANG_WARN_OBJC_ROOT_CLASS = YES_ERROR;
				CLANG_WARN_QUOTED_INCLUDE_IN_FRAMEWORK_HEADER = YES;
				CLANG_WARN_RANGE_LOOP_ANALYSIS = YES;
				CLANG_WARN_STRICT_PROTOTYPES = YES;
				CLANG_WARN_SUSPICIOUS_MOVE = YES;
				CLANG_WARN_UNGUARDED_AVAILABILITY = YES_AGGRESSIVE;
				CLANG_WARN_UNREACHABLE_CODE = YES;
				CLANG_WARN__DUPLICATE_METHOD_MATCH = YES;
				COPY_PHASE_STRIP = NO;
				DEBUG_INFORMATION_FORMAT = dwarf;
				ENABLE_STRICT_OBJC_MSGSEND = YES;
				ENABLE_TESTABILITY = YES;
				GCC_C_LANGUAGE_STANDARD = gnu11;
				GCC_DYNAMIC_NO_PIC = NO;
				GCC_NO_COMMON_BLOCKS = YES;
				GCC_OPTIMIZATION_LEVEL = 0;
				GCC_PREPROCESSOR_DEFINITIONS = (
					"DEBUG=1",
					"$(inherited)",
				);
				GCC_WARN_64_TO_32_BIT_CONVERSION = YES;
				GCC_WARN_ABOUT_RETURN_TYPE = YES_ERROR;
				GCC_WARN_UNDECLARED_SELECTOR = YES;
				GCC_WARN_UNINITIALIZED_AUTOS = YES_AGGRESSIVE;
				GCC_WARN_UNUSED_FUNCTION = YES;
				GCC_WARN_UNUSED_VARIABLE = YES;
				IPHONEOS_DEPLOYMENT_TARGET = 16.4;
				MTL_ENABLE_DEBUG_INFO = INCLUDE_SOURCE;
				MTL_FAST_MATH = YES;
				ONLY_ACTIVE_ARCH = YES;
				SDKROOT = iphoneos;
				SWIFT_ACTIVE_COMPILATION_CONDITIONS = DEBUG;
				SWIFT_OPTIMIZATION_LEVEL = "-Onone";
			};
			name = Debug;
		};
		E015DF5A2A8F5632002E8B46 /* Release */ = {
			isa = XCBuildConfiguration;
			buildSettings = {
				ALWAYS_SEARCH_USER_PATHS = NO;
				CLANG_ANALYZER_NONNULL = YES;
				CLANG_ANALYZER_NUMBER_OBJECT_CONVERSION = YES_AGGRESSIVE;
				CLANG_CXX_LANGUAGE_STANDARD = "gnu++20";
				CLANG_ENABLE_MODULES = YES;
				CLANG_ENABLE_OBJC_ARC = YES;
				CLANG_ENABLE_OBJC_WEAK = YES;
				CLANG_WARN_BLOCK_CAPTURE_AUTORELEASING = YES;
				CLANG_WARN_BOOL_CONVERSION = YES;
				CLANG_WARN_COMMA = YES;
				CLANG_WARN_CONSTANT_CONVERSION = YES;
				CLANG_WARN_DEPRECATED_OBJC_IMPLEMENTATIONS = YES;
				CLANG_WARN_DIRECT_OBJC_ISA_USAGE = YES_ERROR;
				CLANG_WARN_DOCUMENTATION_COMMENTS = YES;
				CLANG_WARN_EMPTY_BODY = YES;
				CLANG_WARN_ENUM_CONVERSION = YES;
				CLANG_WARN_INFINITE_RECURSION = YES;
				CLANG_WARN_INT_CONVERSION = YES;
				CLANG_WARN_NON_LITERAL_NULL_CONVERSION = YES;
				CLANG_WARN_OBJC_IMPLICIT_RETAIN_SELF = YES;
				CLANG_WARN_OBJC_LITERAL_CONVERSION = YES;
				CLANG_WARN_OBJC_ROOT_CLASS = YES_ERROR;
				CLANG_WARN_QUOTED_INCLUDE_IN_FRAMEWORK_HEADER = YES;
				CLANG_WARN_RANGE_LOOP_ANALYSIS = YES;
				CLANG_WARN_STRICT_PROTOTYPES = YES;
				CLANG_WARN_SUSPICIOUS_MOVE = YES;
				CLANG_WARN_UNGUARDED_AVAILABILITY = YES_AGGRESSIVE;
				CLANG_WARN_UNREACHABLE_CODE = YES;
				CLANG_WARN__DUPLICATE_METHOD_MATCH = YES;
				COPY_PHASE_STRIP = NO;
				DEBUG_INFORMATION_FORMAT = "dwarf-with-dsym";
				ENABLE_NS_ASSERTIONS = NO;
				ENABLE_STRICT_OBJC_MSGSEND = YES;
				GCC_C_LANGUAGE_STANDARD = gnu11;
				GCC_NO_COMMON_BLOCKS = YES;
				GCC_WARN_64_TO_32_BIT_CONVERSION = YES;
				GCC_WARN_ABOUT_RETURN_TYPE = YES_ERROR;
				GCC_WARN_UNDECLARED_SELECTOR = YES;
				GCC_WARN_UNINITIALIZED_AUTOS = YES_AGGRESSIVE;
				GCC_WARN_UNUSED_FUNCTION = YES;
				GCC_WARN_UNUSED_VARIABLE = YES;
				IPHONEOS_DEPLOYMENT_TARGET = 16.4;
				MTL_ENABLE_DEBUG_INFO = NO;
				MTL_FAST_MATH = YES;
				SDKROOT = iphoneos;
				SWIFT_COMPILATION_MODE = wholemodule;
				SWIFT_OPTIMIZATION_LEVEL = "-O";
				VALIDATE_PRODUCT = YES;
			};
			name = Release;
		};
		E015DF5C2A8F5632002E8B46 /* Debug */ = {
			isa = XCBuildConfiguration;
			buildSettings = {
				ASSETCATALOG_COMPILER_APPICON_NAME = AppIcon;
				ASSETCATALOG_COMPILER_GLOBAL_ACCENT_COLOR_NAME = AccentColor;
				CODE_SIGN_STYLE = Automatic;
				CURRENT_PROJECT_VERSION = 1;
				DEVELOPMENT_TEAM = KXVQKD88QN;
				GENERATE_INFOPLIST_FILE = YES;
				INFOPLIST_FILE = TravelApp/Info.plist;
				INFOPLIST_KEY_UIApplicationSupportsIndirectInputEvents = YES;
				INFOPLIST_KEY_UILaunchStoryboardName = LaunchScreen;
				INFOPLIST_KEY_UISupportedInterfaceOrientations_iPad = "UIInterfaceOrientationPortrait UIInterfaceOrientationPortraitUpsideDown UIInterfaceOrientationLandscapeLeft UIInterfaceOrientationLandscapeRight";
				INFOPLIST_KEY_UISupportedInterfaceOrientations_iPhone = "UIInterfaceOrientationPortrait UIInterfaceOrientationLandscapeLeft UIInterfaceOrientationLandscapeRight";
				IPHONEOS_DEPLOYMENT_TARGET = 15.4;
				LD_RUNPATH_SEARCH_PATHS = (
					"$(inherited)",
					"@executable_path/Frameworks",
				);
				MARKETING_VERSION = 1.0;
				PRODUCT_BUNDLE_IDENTIFIER = com.kubrademirkaya.TravelApp;
				PRODUCT_NAME = "$(TARGET_NAME)";
				SWIFT_EMIT_LOC_STRINGS = YES;
				SWIFT_VERSION = 5.0;
				TARGETED_DEVICE_FAMILY = "1,2";
			};
			name = Debug;
		};
		E015DF5D2A8F5632002E8B46 /* Release */ = {
			isa = XCBuildConfiguration;
			buildSettings = {
				ASSETCATALOG_COMPILER_APPICON_NAME = AppIcon;
				ASSETCATALOG_COMPILER_GLOBAL_ACCENT_COLOR_NAME = AccentColor;
				CODE_SIGN_STYLE = Automatic;
				CURRENT_PROJECT_VERSION = 1;
				DEVELOPMENT_TEAM = KXVQKD88QN;
				GENERATE_INFOPLIST_FILE = YES;
				INFOPLIST_FILE = TravelApp/Info.plist;
				INFOPLIST_KEY_UIApplicationSupportsIndirectInputEvents = YES;
				INFOPLIST_KEY_UILaunchStoryboardName = LaunchScreen;
				INFOPLIST_KEY_UISupportedInterfaceOrientations_iPad = "UIInterfaceOrientationPortrait UIInterfaceOrientationPortraitUpsideDown UIInterfaceOrientationLandscapeLeft UIInterfaceOrientationLandscapeRight";
				INFOPLIST_KEY_UISupportedInterfaceOrientations_iPhone = "UIInterfaceOrientationPortrait UIInterfaceOrientationLandscapeLeft UIInterfaceOrientationLandscapeRight";
				IPHONEOS_DEPLOYMENT_TARGET = 15.4;
				LD_RUNPATH_SEARCH_PATHS = (
					"$(inherited)",
					"@executable_path/Frameworks",
				);
				MARKETING_VERSION = 1.0;
				PRODUCT_BUNDLE_IDENTIFIER = com.kubrademirkaya.TravelApp;
				PRODUCT_NAME = "$(TARGET_NAME)";
				SWIFT_EMIT_LOC_STRINGS = YES;
				SWIFT_VERSION = 5.0;
				TARGETED_DEVICE_FAMILY = "1,2";
			};
			name = Release;
		};
/* End XCBuildConfiguration section */

/* Begin XCConfigurationList section */
		E015DF422A8F5631002E8B46 /* Build configuration list for PBXProject "TravelApp" */ = {
			isa = XCConfigurationList;
			buildConfigurations = (
				E015DF592A8F5632002E8B46 /* Debug */,
				E015DF5A2A8F5632002E8B46 /* Release */,
			);
			defaultConfigurationIsVisible = 0;
			defaultConfigurationName = Release;
		};
		E015DF5B2A8F5632002E8B46 /* Build configuration list for PBXNativeTarget "TravelApp" */ = {
			isa = XCConfigurationList;
			buildConfigurations = (
				E015DF5C2A8F5632002E8B46 /* Debug */,
				E015DF5D2A8F5632002E8B46 /* Release */,
			);
			defaultConfigurationIsVisible = 0;
			defaultConfigurationName = Release;
		};
/* End XCConfigurationList section */

/* Begin XCRemoteSwiftPackageReference section */
		E015DF5E2A8F573F002E8B46 /* XCRemoteSwiftPackageReference "SnapKit" */ = {
			isa = XCRemoteSwiftPackageReference;
			repositoryURL = "https://github.com/SnapKit/SnapKit.git";
			requirement = {
				kind = upToNextMajorVersion;
				minimumVersion = 5.0.0;
			};
		};
		E015DF612A8F574A002E8B46 /* XCRemoteSwiftPackageReference "Alamofire" */ = {
			isa = XCRemoteSwiftPackageReference;
			repositoryURL = "https://github.com/Alamofire/Alamofire.git";
			requirement = {
				kind = upToNextMajorVersion;
				minimumVersion = 5.0.0;
			};
		};
		E072C2722A974E7E00FE1872 /* XCRemoteSwiftPackageReference "SwiftyJSON" */ = {
			isa = XCRemoteSwiftPackageReference;
			repositoryURL = "https://github.com/SwiftyJSON/SwiftyJSON.git";
			requirement = {
				kind = upToNextMajorVersion;
				minimumVersion = 5.0.0;
			};
		};
/* End XCRemoteSwiftPackageReference section */

/* Begin XCSwiftPackageProductDependency section */
		E015DF5F2A8F573F002E8B46 /* SnapKit */ = {
			isa = XCSwiftPackageProductDependency;
			package = E015DF5E2A8F573F002E8B46 /* XCRemoteSwiftPackageReference "SnapKit" */;
			productName = SnapKit;
		};
		E015DF622A8F574A002E8B46 /* Alamofire */ = {
			isa = XCSwiftPackageProductDependency;
			package = E015DF612A8F574A002E8B46 /* XCRemoteSwiftPackageReference "Alamofire" */;
			productName = Alamofire;
		};
		E072C2732A974E7E00FE1872 /* SwiftyJSON */ = {
			isa = XCSwiftPackageProductDependency;
			package = E072C2722A974E7E00FE1872 /* XCRemoteSwiftPackageReference "SwiftyJSON" */;
			productName = SwiftyJSON;
		};
/* End XCSwiftPackageProductDependency section */
	};
	rootObject = E015DF3F2A8F5631002E8B46 /* Project object */;
}
